
Microsoft Visual Studio Solution File, Format Version 12.00
# Visual Studio 15
VisualStudioVersion = 15.0.27130.2036
MinimumVisualStudioVersion = 10.0.40219.1
Project("{FAE04EC0-301F-11D3-BF4B-00C04F79EFBC}") = "Vidly", "Vidly\Vidly.csproj", "{0FF39D16-63C4-4B93-9F00-2EF84F5625F0}"
EndProject
Project("{FAE04EC0-301F-11D3-BF4B-00C04F79EFBC}") = "Vidly.Tests", "Vidly.Tests\Vidly.Tests.csproj", "{A4A33D50-7CD5-4F4E-A0E4-90096AF50233}"
EndProject
Global
	GlobalSection(SolutionConfigurationPlatforms) = preSolution
		Debug|Any CPU = Debug|Any CPU
		Release|Any CPU = Release|Any CPU
	EndGlobalSection
	GlobalSection(ProjectConfigurationPlatforms) = postSolution
		{0FF39D16-63C4-4B93-9F00-2EF84F5625F0}.Debug|Any CPU.ActiveCfg = Debug|Any CPU
		{0FF39D16-63C4-4B93-9F00-2EF84F5625F0}.Debug|Any CPU.Build.0 = Debug|Any CPU
		{0FF39D16-63C4-4B93-9F00-2EF84F5625F0}.Release|Any CPU.ActiveCfg = Release|Any CPU
		{0FF39D16-63C4-4B93-9F00-2EF84F5625F0}.Release|Any CPU.Build.0 = Release|Any CPU
		{A4A33D50-7CD5-4F4E-A0E4-90096AF50233}.Debug|Any CPU.ActiveCfg = Debug|Any CPU
		{A4A33D50-7CD5-4F4E-A0E4-90096AF50233}.Debug|Any CPU.Build.0 = Debug|Any CPU
		{A4A33D50-7CD5-4F4E-A0E4-90096AF50233}.Release|Any CPU.ActiveCfg = Release|Any CPU
		{A4A33D50-7CD5-4F4E-A0E4-90096AF50233}.Release|Any CPU.Build.0 = Release|Any CPU
	EndGlobalSection
	GlobalSection(SolutionProperties) = preSolution
		HideSolutionNode = FALSE
	EndGlobalSection
	GlobalSection(ExtensibilityGlobals) = postSolution
		SolutionGuid = {A8860B13-FEFD-4988-B23C-FF32F57A6A45}
	EndGlobalSection
EndGlobal
